
Microsoft Visual Studio Solution File, Format Version 12.00
# Visual Studio Version 17
VisualStudioVersion = 17.9.34723.18
MinimumVisualStudioVersion = 10.0.40219.1
Project("{FAE04EC0-301F-11D3-BF4B-00C04F79EFBC}") = "lab1_alg", "lab1_alg\lab1_alg.csproj", "{0BA59F3E-1EC5-4CA1-8FBE-A7645330E054}"
EndProject
Global
	GlobalSection(SolutionConfigurationPlatforms) = preSolution
		Debug|Any CPU = Debug|Any CPU
		Release|Any CPU = Release|Any CPU
	EndGlobalSection
	GlobalSection(ProjectConfigurationPlatforms) = postSolution
		{0BA59F3E-1EC5-4CA1-8FBE-A7645330E054}.Debug|Any CPU.ActiveCfg = Debug|Any CPU
		{0BA59F3E-1EC5-4CA1-8FBE-A7645330E054}.Debug|Any CPU.Build.0 = Debug|Any CPU
		{0BA59F3E-1EC5-4CA1-8FBE-A7645330E054}.Release|Any CPU.ActiveCfg = Release|Any CPU
		{0BA59F3E-1EC5-4CA1-8FBE-A7645330E054}.Release|Any CPU.Build.0 = Release|Any CPU
	EndGlobalSection
	GlobalSection(SolutionProperties) = preSolution
		HideSolutionNode = FALSE
	EndGlobalSection
	GlobalSection(ExtensibilityGlobals) = postSolution
		SolutionGuid = {87FA0F17-93BA-47CD-B45A-6B617F7D4352}
	EndGlobalSection
EndGlobal
